
Microsoft Visual Studio Solution File, Format Version 12.00
# Visual Studio Version 16
VisualStudioVersion = 16.0.33529.622
MinimumVisualStudioVersion = 10.0.40219.1
Project("{FAE04EC0-301F-11D3-BF4B-00C04F79EFBC}") = "mesaj_portali", "mesaj_portali\mesaj_portali.csproj", "{0753D47A-8AC3-4782-B041-4562E24A6F88}"
EndProject
Global
	GlobalSection(SolutionConfigurationPlatforms) = preSolution
		Debug|Any CPU = Debug|Any CPU
		Release|Any CPU = Release|Any CPU
	EndGlobalSection
	GlobalSection(ProjectConfigurationPlatforms) = postSolution
		{0753D47A-8AC3-4782-B041-4562E24A6F88}.Debug|Any CPU.ActiveCfg = Debug|Any CPU
		{0753D47A-8AC3-4782-B041-4562E24A6F88}.Debug|Any CPU.Build.0 = Debug|Any CPU
		{0753D47A-8AC3-4782-B041-4562E24A6F88}.Release|Any CPU.ActiveCfg = Release|Any CPU
		{0753D47A-8AC3-4782-B041-4562E24A6F88}.Release|Any CPU.Build.0 = Release|Any CPU
	EndGlobalSection
	GlobalSection(SolutionProperties) = preSolution
		HideSolutionNode = FALSE
	EndGlobalSection
	GlobalSection(ExtensibilityGlobals) = postSolution
		SolutionGuid = {92D8059C-5893-464C-82DD-FD5C3D689286}
	EndGlobalSection
EndGlobal
